
Microsoft Visual Studio Solution File, Format Version 12.00
# Visual Studio 15
VisualStudioVersion = 15.0.28307.489
MinimumVisualStudioVersion = 10.0.40219.1
Project("{FAE04EC0-301F-11D3-BF4B-00C04F79EFBC}") = "ShapeLib", "ShapeLib\ShapeLib.csproj", "{349C878A-CDC7-410C-B20F-1B746AD9F4DF}"
EndProject
Global
	GlobalSection(SolutionConfigurationPlatforms) = preSolution
		Debug|Any CPU = Debug|Any CPU
		Release|Any CPU = Release|Any CPU
	EndGlobalSection
	GlobalSection(ProjectConfigurationPlatforms) = postSolution
		{349C878A-CDC7-410C-B20F-1B746AD9F4DF}.Debug|Any CPU.ActiveCfg = Debug|Any CPU
		{349C878A-CDC7-410C-B20F-1B746AD9F4DF}.Debug|Any CPU.Build.0 = Debug|Any CPU
		{349C878A-CDC7-410C-B20F-1B746AD9F4DF}.Release|Any CPU.ActiveCfg = Release|Any CPU
		{349C878A-CDC7-410C-B20F-1B746AD9F4DF}.Release|Any CPU.Build.0 = Release|Any CPU
	EndGlobalSection
	GlobalSection(SolutionProperties) = preSolution
		HideSolutionNode = FALSE
	EndGlobalSection
	GlobalSection(ExtensibilityGlobals) = postSolution
		SolutionGuid = {C0662D0A-5253-4ABF-912A-377B63EF7461}
	EndGlobalSection
EndGlobal
