
Microsoft Visual Studio Solution File, Format Version 12.00
# Visual Studio 15
VisualStudioVersion = 15.0.28307.489
MinimumVisualStudioVersion = 10.0.40219.1
Project("{FAE04EC0-301F-11D3-BF4B-00C04F79EFBC}") = "ISelectable", "ISelectable\ISelectable.csproj", "{9403A81F-116E-4CAD-8EF1-DAAD7CD39392}"
EndProject
Global
	GlobalSection(SolutionConfigurationPlatforms) = preSolution
		Debug|Any CPU = Debug|Any CPU
		Release|Any CPU = Release|Any CPU
	EndGlobalSection
	GlobalSection(ProjectConfigurationPlatforms) = postSolution
		{9403A81F-116E-4CAD-8EF1-DAAD7CD39392}.Debug|Any CPU.ActiveCfg = Debug|Any CPU
		{9403A81F-116E-4CAD-8EF1-DAAD7CD39392}.Debug|Any CPU.Build.0 = Debug|Any CPU
		{9403A81F-116E-4CAD-8EF1-DAAD7CD39392}.Release|Any CPU.ActiveCfg = Release|Any CPU
		{9403A81F-116E-4CAD-8EF1-DAAD7CD39392}.Release|Any CPU.Build.0 = Release|Any CPU
	EndGlobalSection
	GlobalSection(SolutionProperties) = preSolution
		HideSolutionNode = FALSE
	EndGlobalSection
	GlobalSection(ExtensibilityGlobals) = postSolution
		SolutionGuid = {0355A2F1-0EE4-4D26-8DD2-63538E770FA8}
	EndGlobalSection
EndGlobal
