
Microsoft Visual Studio Solution File, Format Version 12.00
# Visual Studio 15
VisualStudioVersion = 15.0.28307.489
MinimumVisualStudioVersion = 10.0.40219.1
Project("{FAE04EC0-301F-11D3-BF4B-00C04F79EFBC}") = "PencilLib", "PencilLib\PencilLib.csproj", "{BF4BBF11-8854-43DB-B55F-5C7E2A35FF45}"
EndProject
Global
	GlobalSection(SolutionConfigurationPlatforms) = preSolution
		Debug|Any CPU = Debug|Any CPU
		Release|Any CPU = Release|Any CPU
	EndGlobalSection
	GlobalSection(ProjectConfigurationPlatforms) = postSolution
		{BF4BBF11-8854-43DB-B55F-5C7E2A35FF45}.Debug|Any CPU.ActiveCfg = Debug|Any CPU
		{BF4BBF11-8854-43DB-B55F-5C7E2A35FF45}.Debug|Any CPU.Build.0 = Debug|Any CPU
		{BF4BBF11-8854-43DB-B55F-5C7E2A35FF45}.Release|Any CPU.ActiveCfg = Release|Any CPU
		{BF4BBF11-8854-43DB-B55F-5C7E2A35FF45}.Release|Any CPU.Build.0 = Release|Any CPU
	EndGlobalSection
	GlobalSection(SolutionProperties) = preSolution
		HideSolutionNode = FALSE
	EndGlobalSection
	GlobalSection(ExtensibilityGlobals) = postSolution
		SolutionGuid = {CE5CBFB5-3707-4195-AB1F-5DF35DD8CF9E}
	EndGlobalSection
EndGlobal
