
Microsoft Visual Studio Solution File, Format Version 12.00
# Visual Studio 15
VisualStudioVersion = 15.0.28307.489
MinimumVisualStudioVersion = 10.0.40219.1
Project("{FAE04EC0-301F-11D3-BF4B-00C04F79EFBC}") = "EllipseLib", "EllipseLib\EllipseLib.csproj", "{A3ED45C7-D5D4-44FF-968F-A32FEC89B018}"
EndProject
Global
	GlobalSection(SolutionConfigurationPlatforms) = preSolution
		Debug|Any CPU = Debug|Any CPU
		Release|Any CPU = Release|Any CPU
	EndGlobalSection
	GlobalSection(ProjectConfigurationPlatforms) = postSolution
		{A3ED45C7-D5D4-44FF-968F-A32FEC89B018}.Debug|Any CPU.ActiveCfg = Debug|Any CPU
		{A3ED45C7-D5D4-44FF-968F-A32FEC89B018}.Debug|Any CPU.Build.0 = Debug|Any CPU
		{A3ED45C7-D5D4-44FF-968F-A32FEC89B018}.Release|Any CPU.ActiveCfg = Release|Any CPU
		{A3ED45C7-D5D4-44FF-968F-A32FEC89B018}.Release|Any CPU.Build.0 = Release|Any CPU
	EndGlobalSection
	GlobalSection(SolutionProperties) = preSolution
		HideSolutionNode = FALSE
	EndGlobalSection
	GlobalSection(ExtensibilityGlobals) = postSolution
		SolutionGuid = {445BE7F4-DD84-4ED3-B416-1EA0983E5D2E}
	EndGlobalSection
EndGlobal
